# This file is automatically @generated by Cargo.
# It is not intended for manual editing.
version = 4

[[package]]
name = "ep_cli"
version = "0.1.0"
dependencies = [
 "ep_oracle",
 "ep_runtime",
]

[[package]]
name = "ep_compare"
version = "0.1.0"

[[package]]
name = "ep_compiler"
version = "0.1.0"
dependencies = [
 "ep_model",
 "ep_raw_model",
]

[[package]]
name = "ep_model"
version = "0.1.0"

[[package]]
name = "ep_oracle"
version = "0.1.0"

[[package]]
name = "ep_raw_model"
version = "0.1.0"

[[package]]
name = "ep_runtime"
version = "0.1.0"
dependencies = [
 "ep_model",
]
